{
  "name": "st3d",
  "version": "0.0.1",
  "lockfileVersion": 1,
  "requires": true,
  "dependencies": {
    "@jest/types": {
      "version": "25.5.0",
      "resolved": "https://artifactsrepository-tc.shared-nonprod.cloud.si.orange.es/artifactory/api/npm/npm-group-repo/@jest/types/-/types-25.5.0.tgz",
      "integrity": "sha1-TWpHk/e5WZ/DaAh3uFapfbzPKp0=",
      "dev": true,
      "requires": {
        "@types/istanbul-lib-coverage": "^2.0.0",
        "@types/istanbul-reports": "^1.1.1",
        "@types/yargs": "^15.0.0",
        "chalk": "^3.0.0"
      }
    },
    "@stencil/core": {
      "version": "2.0.3",
      "resolved": "https://artifactsrepository-tc.shared-nonprod.cloud.si.orange.es/artifactory/api/npm/npm-group-repo/@stencil/core/-/core-2.0.3.tgz",
      "integrity": "sha1-hxnTExNiB2o1t6fIZd5HIHZvP0c="
    },
    "@types/color-name": {
      "version": "1.1.1",
      "resolved": "https://artifactsrepository-tc.shared-nonprod.cloud.si.orange.es/artifactory/api/npm/npm-group-repo/@types/color-name/-/color-name-1.1.1.tgz",
      "integrity": "sha1-HBJhu+qhCoBVu8XYq4S3sq/IRqA=",
      "dev": true
    },
    "@types/istanbul-lib-coverage": {
      "version": "2.0.3",
      "resolved": "https://artifactsrepository-tc.shared-nonprod.cloud.si.orange.es/artifactory/api/npm/npm-group-repo/@types/istanbul-lib-coverage/-/istanbul-lib-coverage-2.0.3.tgz",
      "integrity": "sha1-S6jdtyAiH0MuRDvV+RF/0iz9R2I=",
      "dev": true
    },
    "@types/istanbul-lib-report": {
      "version": "3.0.0",
      "resolved": "https://artifactsrepository-tc.shared-nonprod.cloud.si.orange.es/artifactory/api/npm/npm-group-repo/@types/istanbul-lib-report/-/istanbul-lib-report-3.0.0.tgz",
      "integrity": "sha1-wUwk8Y6oGQwRjudWK3/5mjZVJoY=",
      "dev": true,
      "requires": {
        "@types/istanbul-lib-coverage": "*"
      }
    },
    "@types/istanbul-reports": {
      "version": "1.1.2",
      "resolved": "https://artifactsrepository-tc.shared-nonprod.cloud.si.orange.es/artifactory/api/npm/npm-group-repo/@types/istanbul-reports/-/istanbul-reports-1.1.2.tgz",
      "integrity": "sha1-6HXMaJ5HvOVJ7IHz315vbxHPrrI=",
      "dev": true,
      "requires": {
        "@types/istanbul-lib-coverage": "*",
        "@types/istanbul-lib-report": "*"
      }
    },
    "@types/jest": {
      "version": "26.0.14",
      "resolved": "https://artifactsrepository-tc.shared-nonprod.cloud.si.orange.es/artifactory/api/npm/npm-group-repo/@types/jest/-/jest-26.0.14.tgz",
      "integrity": "sha1-B4aV+PZctVxamEUNZQg7K3Plo/M=",
      "dev": true,
      "requires": {
        "jest-diff": "^25.2.1",
        "pretty-format": "^25.2.1"
      }
    },
    "@types/yargs": {
      "version": "15.0.7",
      "resolved": "https://artifactsrepository-tc.shared-nonprod.cloud.si.orange.es/artifactory/api/npm/npm-group-repo/@types/yargs/-/yargs-15.0.7.tgz",
      "integrity": "sha1-2tUKeiNKNe+UYHN6VgJCh6PeHSs=",
      "dev": true,
      "requires": {
        "@types/yargs-parser": "*"
      }
    },
    "@types/yargs-parser": {
      "version": "15.0.0",
      "resolved": "https://artifactsrepository-tc.shared-nonprod.cloud.si.orange.es/artifactory/api/npm/npm-group-repo/@types/yargs-parser/-/yargs-parser-15.0.0.tgz",
      "integrity": "sha1-yz+fdBhp4gzOMw/765JxWQSDiC0=",
      "dev": true
    },
    "ansi-regex": {
      "version": "5.0.0",
      "resolved": "https://artifactsrepository-tc.shared-nonprod.cloud.si.orange.es/artifactory/api/npm/npm-group-repo/ansi-regex/-/ansi-regex-5.0.0.tgz",
      "integrity": "sha1-OIU59VF5vzkznIGvMKZU1p+Hy3U=",
      "dev": true
    },
    "ansi-styles": {
      "version": "4.2.1",
      "resolved": "https://artifactsrepository-tc.shared-nonprod.cloud.si.orange.es/artifactory/api/npm/npm-group-repo/ansi-styles/-/ansi-styles-4.2.1.tgz",
      "integrity": "sha1-kK51xCTQCNJiTFvynq0xd+v881k=",
      "dev": true,
      "requires": {
        "@types/color-name": "^1.1.1",
        "color-convert": "^2.0.1"
      }
    },
    "chalk": {
      "version": "3.0.0",
      "resolved": "https://artifactsrepository-tc.shared-nonprod.cloud.si.orange.es/artifactory/api/npm/npm-group-repo/chalk/-/chalk-3.0.0.tgz",
      "integrity": "sha1-P3PCv1JlkfV0zEksUeJFY0n4ROQ=",
      "dev": true,
      "requires": {
        "ansi-styles": "^4.1.0",
        "supports-color": "^7.1.0"
      }
    },
    "color-convert": {
      "version": "2.0.1",
      "resolved": "https://artifactsrepository-tc.shared-nonprod.cloud.si.orange.es/artifactory/api/npm/npm-group-repo/color-convert/-/color-convert-2.0.1.tgz",
      "integrity": "sha1-ctOmjVmMm9s68q0ehPIdiWq9TeM=",
      "dev": true,
      "requires": {
        "color-name": "~1.1.4"
      }
    },
    "color-name": {
      "version": "1.1.4",
      "resolved": "https://artifactsrepository-tc.shared-nonprod.cloud.si.orange.es/artifactory/api/npm/npm-group-repo/color-name/-/color-name-1.1.4.tgz",
      "integrity": "sha1-wqCah6y95pVD3m9j+jmVyCbFNqI=",
      "dev": true
    },
    "commander": {
      "version": "2.20.3",
      "resolved": "https://artifactsrepository-tc.shared-nonprod.cloud.si.orange.es/artifactory/api/npm/npm-group-repo/commander/-/commander-2.20.3.tgz",
      "integrity": "sha1-/UhehMA+tIgcIHIrpIA16FMa6zM="
    },
    "d3": {
      "version": "6.2.0",
      "resolved": "https://artifactsrepository-tc.shared-nonprod.cloud.si.orange.es/artifactory/api/npm/npm-group-repo/d3/-/d3-6.2.0.tgz",
      "integrity": "sha1-8ZsOyxbKStIXHOizfGMkfnHG8B0=",
      "requires": {
        "d3-array": "2",
        "d3-axis": "2",
        "d3-brush": "2",
        "d3-chord": "2",
        "d3-color": "2",
        "d3-contour": "2",
        "d3-delaunay": "5",
        "d3-dispatch": "2",
        "d3-drag": "2",
        "d3-dsv": "2",
        "d3-ease": "2",
        "d3-fetch": "2",
        "d3-force": "2",
        "d3-format": "2",
        "d3-geo": "2",
        "d3-hierarchy": "2",
        "d3-interpolate": "2",
        "d3-path": "2",
        "d3-polygon": "2",
        "d3-quadtree": "2",
        "d3-random": "2",
        "d3-scale": "3",
        "d3-scale-chromatic": "2",
        "d3-selection": "2",
        "d3-shape": "2",
        "d3-time": "2",
        "d3-time-format": "3",
        "d3-timer": "2",
        "d3-transition": "2",
        "d3-zoom": "2"
      }
    },
    "d3-array": {
      "version": "2.8.0",
      "resolved": "https://artifactsrepository-tc.shared-nonprod.cloud.si.orange.es/artifactory/api/npm/npm-group-repo/d3-array/-/d3-array-2.8.0.tgz",
      "integrity": "sha1-924QrUfx9PdfM9tfwyLrn/3l7yM="
    },
    "d3-axis": {
      "version": "2.0.0",
      "resolved": "https://artifactsrepository-tc.shared-nonprod.cloud.si.orange.es/artifactory/api/npm/npm-group-repo/d3-axis/-/d3-axis-2.0.0.tgz",
      "integrity": "sha1-QK67ZWJv/m2V6UQfv5GUJ0syios="
    },
    "d3-brush": {
      "version": "2.1.0",
      "resolved": "https://artifactsrepository-tc.shared-nonprod.cloud.si.orange.es/artifactory/api/npm/npm-group-repo/d3-brush/-/d3-brush-2.1.0.tgz",
      "integrity": "sha1-ra37sQTok3rxQumm4gKDJvBHEGU=",
      "requires": {
        "d3-dispatch": "1 - 2",
        "d3-drag": "2",
        "d3-interpolate": "1 - 2",
        "d3-selection": "2",
        "d3-transition": "2"
      }
    },
    "d3-chord": {
      "version": "2.0.0",
      "resolved": "https://artifactsrepository-tc.shared-nonprod.cloud.si.orange.es/artifactory/api/npm/npm-group-repo/d3-chord/-/d3-chord-2.0.0.tgz",
      "integrity": "sha1-MkkbVmU5EYBWD3OOXBzNHjxH664=",
      "requires": {
        "d3-path": "1 - 2"
      }
    },
    "d3-color": {
      "version": "2.0.0",
      "resolved": "https://artifactsrepository-tc.shared-nonprod.cloud.si.orange.es/artifactory/api/npm/npm-group-repo/d3-color/-/d3-color-2.0.0.tgz",
      "integrity": "sha1-jWJcq0Ltm49gGhdgo4n36pGJ1i4="
    },
    "d3-contour": {
      "version": "2.0.0",
      "resolved": "https://artifactsrepository-tc.shared-nonprod.cloud.si.orange.es/artifactory/api/npm/npm-group-repo/d3-contour/-/d3-contour-2.0.0.tgz",
      "integrity": "sha1-gO6DSYhWPjvqnZnd3nLA+MCJ6kA=",
      "requires": {
        "d3-array": "2"
      }
    },
    "d3-delaunay": {
      "version": "5.3.0",
      "resolved": "https://artifactsrepository-tc.shared-nonprod.cloud.si.orange.es/artifactory/api/npm/npm-group-repo/d3-delaunay/-/d3-delaunay-5.3.0.tgz",
      "integrity": "sha1-tH8Fw4+FSk57POqA4LsS5XOYdy0=",
      "requires": {
        "delaunator": "4"
      }
    },
    "d3-dispatch": {
      "version": "2.0.0",
      "resolved": "https://artifactsrepository-tc.shared-nonprod.cloud.si.orange.es/artifactory/api/npm/npm-group-repo/d3-dispatch/-/d3-dispatch-2.0.0.tgz",
      "integrity": "sha1-ihjhb3bdP8rvQhY8l7kmqptV588="
    },
    "d3-drag": {
      "version": "2.0.0",
      "resolved": "https://artifactsrepository-tc.shared-nonprod.cloud.si.orange.es/artifactory/api/npm/npm-group-repo/d3-drag/-/d3-drag-2.0.0.tgz",
      "integrity": "sha1-nq8EbOntHCXIhmGRHB1aTY636m0=",
      "requires": {
        "d3-dispatch": "1 - 2",
        "d3-selection": "2"
      }
    },
    "d3-dsv": {
      "version": "2.0.0",
      "resolved": "https://artifactsrepository-tc.shared-nonprod.cloud.si.orange.es/artifactory/api/npm/npm-group-repo/d3-dsv/-/d3-dsv-2.0.0.tgz",
      "integrity": "sha1-s3sZS230LaUToSDZE60b4itf58U=",
      "requires": {
        "commander": "2",
        "iconv-lite": "0.4",
        "rw": "1"
      }
    },
    "d3-ease": {
      "version": "2.0.0",
      "resolved": "https://artifactsrepository-tc.shared-nonprod.cloud.si.orange.es/artifactory/api/npm/npm-group-repo/d3-ease/-/d3-ease-2.0.0.tgz",
      "integrity": "sha1-/Rdiv8oA2uS6zqUEsdYo/ykKxWM="
    },
    "d3-fetch": {
      "version": "2.0.0",
      "resolved": "https://artifactsrepository-tc.shared-nonprod.cloud.si.orange.es/artifactory/api/npm/npm-group-repo/d3-fetch/-/d3-fetch-2.0.0.tgz",
      "integrity": "sha1-7NfvISjZhHo7QbVI/sgJGNZFwGQ=",
      "requires": {
        "d3-dsv": "1 - 2"
      }
    },
    "d3-force": {
      "version": "2.1.1",
      "resolved": "https://artifactsrepository-tc.shared-nonprod.cloud.si.orange.es/artifactory/api/npm/npm-group-repo/d3-force/-/d3-force-2.1.1.tgz",
      "integrity": "sha1-8gzL8ebJ6ArdGSbwm1H2hqi8CTc=",
      "requires": {
        "d3-dispatch": "1 - 2",
        "d3-quadtree": "1 - 2",
        "d3-timer": "1 - 2"
      }
    },
    "d3-format": {
      "version": "2.0.0",
      "resolved": "https://artifactsrepository-tc.shared-nonprod.cloud.si.orange.es/artifactory/api/npm/npm-group-repo/d3-format/-/d3-format-2.0.0.tgz",
      "integrity": "sha1-oQvMD5hsNytym6RHOCQTqr9bB2c="
    },
    "d3-geo": {
      "version": "2.0.1",
      "resolved": "https://artifactsrepository-tc.shared-nonprod.cloud.si.orange.es/artifactory/api/npm/npm-group-repo/d3-geo/-/d3-geo-2.0.1.tgz",
      "integrity": "sha1-JDf9/tP+OrooEr2PMGCcrIOn7jk=",
      "requires": {
        "d3-array": ">=2.5"
      }
    },
    "d3-hierarchy": {
      "version": "2.0.0",
      "resolved": "https://artifactsrepository-tc.shared-nonprod.cloud.si.orange.es/artifactory/api/npm/npm-group-repo/d3-hierarchy/-/d3-hierarchy-2.0.0.tgz",
      "integrity": "sha1-2riKWMo+ehvGyrOQ6JZn/MbSAhg="
    },
    "d3-interpolate": {
      "version": "2.0.1",
      "resolved": "https://artifactsrepository-tc.shared-nonprod.cloud.si.orange.es/artifactory/api/npm/npm-group-repo/d3-interpolate/-/d3-interpolate-2.0.1.tgz",
      "integrity": "sha1-mL5JnPuKO5TU/2FpAFAaZKvJEWM=",
      "requires": {
        "d3-color": "1 - 2"
      }
    },
    "d3-path": {
      "version": "2.0.0",
      "resolved": "https://artifactsrepository-tc.shared-nonprod.cloud.si.orange.es/artifactory/api/npm/npm-group-repo/d3-path/-/d3-path-2.0.0.tgz",
      "integrity": "sha1-VdhqwTGgVIra4kHuv7VrRYLdCdg="
    },
    "d3-polygon": {
      "version": "2.0.0",
      "resolved": "https://artifactsrepository-tc.shared-nonprod.cloud.si.orange.es/artifactory/api/npm/npm-group-repo/d3-polygon/-/d3-polygon-2.0.0.tgz",
      "integrity": "sha1-E2CO8EL77GJboVmDJ1ZPA8A5bY4="
    },
    "d3-quadtree": {
      "version": "2.0.0",
      "resolved": "https://artifactsrepository-tc.shared-nonprod.cloud.si.orange.es/artifactory/api/npm/npm-group-repo/d3-quadtree/-/d3-quadtree-2.0.0.tgz",
      "integrity": "sha1-7brQRc74hwH2/uOu6Ok/szLTD50="
    },
    "d3-random": {
      "version": "2.2.2",
      "resolved": "https://artifactsrepository-tc.shared-nonprod.cloud.si.orange.es/artifactory/api/npm/npm-group-repo/d3-random/-/d3-random-2.2.2.tgz",
      "integrity": "sha1-XuvSCe9ORaKzYrAZwfshwsmMu24="
    },
    "d3-scale": {
      "version": "3.2.3",
      "resolved": "https://artifactsrepository-tc.shared-nonprod.cloud.si.orange.es/artifactory/api/npm/npm-group-repo/d3-scale/-/d3-scale-3.2.3.tgz",
      "integrity": "sha1-vjgPV/H2HU/y5su2WkBZOlFknP0=",
      "requires": {
        "d3-array": "^2.3.0",
        "d3-format": "1 - 2",
        "d3-interpolate": "1.2.0 - 2",
        "d3-time": "1 - 2",
        "d3-time-format": "2 - 3"
      }
    },
    "d3-scale-chromatic": {
      "version": "2.0.0",
      "resolved": "https://artifactsrepository-tc.shared-nonprod.cloud.si.orange.es/artifactory/api/npm/npm-group-repo/d3-scale-chromatic/-/d3-scale-chromatic-2.0.0.tgz",
      "integrity": "sha1-wT86+GaF/5EyPcLw69Lau9cti6s=",
      "requires": {
        "d3-color": "1 - 2",
        "d3-interpolate": "1 - 2"
      }
    },
    "d3-selection": {
      "version": "2.0.0",
      "resolved": "https://artifactsrepository-tc.shared-nonprod.cloud.si.orange.es/artifactory/api/npm/npm-group-repo/d3-selection/-/d3-selection-2.0.0.tgz",
      "integrity": "sha1-lKEWOOohQbdWX4g3gNq8fvamEGY="
    },
    "d3-shape": {
      "version": "2.0.0",
      "resolved": "https://artifactsrepository-tc.shared-nonprod.cloud.si.orange.es/artifactory/api/npm/npm-group-repo/d3-shape/-/d3-shape-2.0.0.tgz",
      "integrity": "sha1-IzG2L6eEoqHarEenIzz9aTATgf0=",
      "requires": {
        "d3-path": "1 - 2"
      }
    },
    "d3-time": {
      "version": "2.0.0",
      "resolved": "https://artifactsrepository-tc.shared-nonprod.cloud.si.orange.es/artifactory/api/npm/npm-group-repo/d3-time/-/d3-time-2.0.0.tgz",
      "integrity": "sha1-rXwSfRfGe9V6TGHz6uy4EQix4Ks="
    },
    "d3-time-format": {
      "version": "3.0.0",
      "resolved": "https://artifactsrepository-tc.shared-nonprod.cloud.si.orange.es/artifactory/api/npm/npm-group-repo/d3-time-format/-/d3-time-format-3.0.0.tgz",
      "integrity": "sha1-34BWyDZZ4B8grF2l/ernwI1fG7Y=",
      "requires": {
        "d3-time": "1 - 2"
      }
    },
    "d3-timer": {
      "version": "2.0.0",
      "resolved": "https://artifactsrepository-tc.shared-nonprod.cloud.si.orange.es/artifactory/api/npm/npm-group-repo/d3-timer/-/d3-timer-2.0.0.tgz",
      "integrity": "sha1-BV7bHRcM/jGrLaiWje7pQLVmI+Y="
    },
    "d3-transition": {
      "version": "2.0.0",
      "resolved": "https://artifactsrepository-tc.shared-nonprod.cloud.si.orange.es/artifactory/api/npm/npm-group-repo/d3-transition/-/d3-transition-2.0.0.tgz",
      "integrity": "sha1-Nm73DCLviNHjQQX1B1FpkaKRyUw=",
      "requires": {
        "d3-color": "1 - 2",
        "d3-dispatch": "1 - 2",
        "d3-ease": "1 - 2",
        "d3-interpolate": "1 - 2",
        "d3-timer": "1 - 2"
      }
    },
    "d3-zoom": {
      "version": "2.0.0",
      "resolved": "https://artifactsrepository-tc.shared-nonprod.cloud.si.orange.es/artifactory/api/npm/npm-group-repo/d3-zoom/-/d3-zoom-2.0.0.tgz",
      "integrity": "sha1-8E0K/QVRi+zOh50EcJxH7Nk/ulQ=",
      "requires": {
        "d3-dispatch": "1 - 2",
        "d3-drag": "2",
        "d3-interpolate": "1 - 2",
        "d3-selection": "2",
        "d3-transition": "2"
      }
    },
    "delaunator": {
      "version": "4.0.1",
      "resolved": "https://artifactsrepository-tc.shared-nonprod.cloud.si.orange.es/artifactory/api/npm/npm-group-repo/delaunator/-/delaunator-4.0.1.tgz",
      "integrity": "sha1-PXeWh/V5GaekGPirlH073baEaVc="
    },
    "diff-sequences": {
      "version": "25.2.6",
      "resolved": "https://artifactsrepository-tc.shared-nonprod.cloud.si.orange.es/artifactory/api/npm/npm-group-repo/diff-sequences/-/diff-sequences-25.2.6.tgz",
      "integrity": "sha1-X0Z8AO3TU1K3vKRteSfWDmh6dt0=",
      "dev": true
    },
    "has-flag": {
      "version": "4.0.0",
      "resolved": "https://artifactsrepository-tc.shared-nonprod.cloud.si.orange.es/artifactory/api/npm/npm-group-repo/has-flag/-/has-flag-4.0.0.tgz",
      "integrity": "sha1-lEdx/ZyByBJlxNaUGGDaBrtZR5s=",
      "dev": true
    },
    "iconv-lite": {
      "version": "0.4.24",
      "resolved": "https://artifactsrepository-tc.shared-nonprod.cloud.si.orange.es/artifactory/api/npm/npm-group-repo/iconv-lite/-/iconv-lite-0.4.24.tgz",
      "integrity": "sha1-ICK0sl+93CHS9SSXSkdKr+czkIs=",
      "requires": {
        "safer-buffer": ">= 2.1.2 < 3"
      }
    },
    "jest-diff": {
      "version": "25.5.0",
      "resolved": "https://artifactsrepository-tc.shared-nonprod.cloud.si.orange.es/artifactory/api/npm/npm-group-repo/jest-diff/-/jest-diff-25.5.0.tgz",
      "integrity": "sha1-HdJu1k+WZnwGjO8Ca2d9+gGvz6k=",
      "dev": true,
      "requires": {
        "chalk": "^3.0.0",
        "diff-sequences": "^25.2.6",
        "jest-get-type": "^25.2.6",
        "pretty-format": "^25.5.0"
      }
    },
    "jest-get-type": {
      "version": "25.2.6",
      "resolved": "https://artifactsrepository-tc.shared-nonprod.cloud.si.orange.es/artifactory/api/npm/npm-group-repo/jest-get-type/-/jest-get-type-25.2.6.tgz",
      "integrity": "sha1-Cwoy+riQi0TVCL6BaBSH26u42Hc=",
      "dev": true
    },
    "pretty-format": {
      "version": "25.5.0",
      "resolved": "https://artifactsrepository-tc.shared-nonprod.cloud.si.orange.es/artifactory/api/npm/npm-group-repo/pretty-format/-/pretty-format-25.5.0.tgz",
      "integrity": "sha1-eHPB13T2gsNLjUi2dDor8qxVeRo=",
      "dev": true,
      "requires": {
        "@jest/types": "^25.5.0",
        "ansi-regex": "^5.0.0",
        "ansi-styles": "^4.0.0",
        "react-is": "^16.12.0"
      }
    },
    "react-is": {
      "version": "16.13.1",
      "resolved": "https://artifactsrepository-tc.shared-nonprod.cloud.si.orange.es/artifactory/api/npm/npm-group-repo/react-is/-/react-is-16.13.1.tgz",
      "integrity": "sha1-eJcppNw23imZ3BVt1sHZwYzqVqQ=",
      "dev": true
    },
    "rw": {
      "version": "1.3.3",
      "resolved": "https://artifactsrepository-tc.shared-nonprod.cloud.si.orange.es/artifactory/api/npm/npm-group-repo/rw/-/rw-1.3.3.tgz",
      "integrity": "sha1-P4Yt+pGrdmsUiF700BEkv9oHT7Q="
    },
    "safer-buffer": {
      "version": "2.1.2",
      "resolved": "https://artifactsrepository-tc.shared-nonprod.cloud.si.orange.es/artifactory/api/npm/npm-group-repo/safer-buffer/-/safer-buffer-2.1.2.tgz",
      "integrity": "sha1-RPoWGwGHuVSd2Eu5GAL5vYOFzWo="
    },
    "supports-color": {
      "version": "7.2.0",
      "resolved": "https://artifactsrepository-tc.shared-nonprod.cloud.si.orange.es/artifactory/api/npm/npm-group-repo/supports-color/-/supports-color-7.2.0.tgz",
      "integrity": "sha1-G33NyzK4E4gBs+R4umpRyqiWSNo=",
      "dev": true,
      "requires": {
        "has-flag": "^4.0.0"
      }
    }
  }
}
